
Microsoft Visual Studio Solution File, Format Version 12.00
Project("{FAE04EC0-301F-11D3-BF4B-00C04F79EFBC}") = "NosSmooth.Comms.Abstractions", "src\Core\NosSmooth.Comms.Abstractions\NosSmooth.Comms.Abstractions.csproj", "{D3B6C5ED-9291-4215-8F8A-F3530849B896}"
EndProject
Project("{FAE04EC0-301F-11D3-BF4B-00C04F79EFBC}") = "NosSmooth.Comms.Inject", "src\Local\NosSmooth.Comms.Inject\NosSmooth.Comms.Inject.csproj", "{7EFDE13A-1D42-44FE-A752-EBE6AC25E1DC}"
EndProject
Project("{FAE04EC0-301F-11D3-BF4B-00C04F79EFBC}") = "NosSmooth.Comms.Local", "src\Local\NosSmooth.Comms.Local\NosSmooth.Comms.Local.csproj", "{A61B8A4F-EB81-41BC-8131-B45C0BCE0EA4}"
EndProject
Project("{2150E333-8FDC-42A3-9474-1A3956D46DE8}") = "Core", "Core", "{EFE65101-4414-4966-813D-90FE3736F6B1}"
EndProject
Project("{2150E333-8FDC-42A3-9474-1A3956D46DE8}") = "Local", "Local", "{1AD3F38F-67A8-472D-8AF3-875C6F93EC16}"
EndProject
Project("{2150E333-8FDC-42A3-9474-1A3956D46DE8}") = "Samples", "Samples", "{711B1BE4-9AE3-4A9D-A5F2-3434D057870E}"
EndProject
Project("{FAE04EC0-301F-11D3-BF4B-00C04F79EFBC}") = "ConsolePacketLogger", "src\Samples\ConsolePacketLogger\ConsolePacketLogger.csproj", "{A154A209-B86F-4180-B329-9B51F5FCD99F}"
EndProject
Project("{FAE04EC0-301F-11D3-BF4B-00C04F79EFBC}") = "NosSmooth.Comms.Core", "src\Core\NosSmooth.Comms.Core\NosSmooth.Comms.Core.csproj", "{70275C91-1114-4673-8F9B-B0C311BFE337}"
EndProject
Global
	GlobalSection(SolutionConfigurationPlatforms) = preSolution
		Debug|Any CPU = Debug|Any CPU
		Release|Any CPU = Release|Any CPU
	EndGlobalSection
	GlobalSection(ProjectConfigurationPlatforms) = postSolution
		{D3B6C5ED-9291-4215-8F8A-F3530849B896}.Debug|Any CPU.ActiveCfg = Debug|Any CPU
		{D3B6C5ED-9291-4215-8F8A-F3530849B896}.Debug|Any CPU.Build.0 = Debug|Any CPU
		{D3B6C5ED-9291-4215-8F8A-F3530849B896}.Release|Any CPU.ActiveCfg = Release|Any CPU
		{D3B6C5ED-9291-4215-8F8A-F3530849B896}.Release|Any CPU.Build.0 = Release|Any CPU
		{7EFDE13A-1D42-44FE-A752-EBE6AC25E1DC}.Debug|Any CPU.ActiveCfg = Debug|Any CPU
		{7EFDE13A-1D42-44FE-A752-EBE6AC25E1DC}.Debug|Any CPU.Build.0 = Debug|Any CPU
		{7EFDE13A-1D42-44FE-A752-EBE6AC25E1DC}.Release|Any CPU.ActiveCfg = Release|Any CPU
		{7EFDE13A-1D42-44FE-A752-EBE6AC25E1DC}.Release|Any CPU.Build.0 = Release|Any CPU
		{A61B8A4F-EB81-41BC-8131-B45C0BCE0EA4}.Debug|Any CPU.ActiveCfg = Debug|Any CPU
		{A61B8A4F-EB81-41BC-8131-B45C0BCE0EA4}.Debug|Any CPU.Build.0 = Debug|Any CPU
		{A61B8A4F-EB81-41BC-8131-B45C0BCE0EA4}.Release|Any CPU.ActiveCfg = Release|Any CPU
		{A61B8A4F-EB81-41BC-8131-B45C0BCE0EA4}.Release|Any CPU.Build.0 = Release|Any CPU
		{A154A209-B86F-4180-B329-9B51F5FCD99F}.Debug|Any CPU.ActiveCfg = Debug|Any CPU
		{A154A209-B86F-4180-B329-9B51F5FCD99F}.Debug|Any CPU.Build.0 = Debug|Any CPU
		{A154A209-B86F-4180-B329-9B51F5FCD99F}.Release|Any CPU.ActiveCfg = Release|Any CPU
		{A154A209-B86F-4180-B329-9B51F5FCD99F}.Release|Any CPU.Build.0 = Release|Any CPU
		{70275C91-1114-4673-8F9B-B0C311BFE337}.Debug|Any CPU.ActiveCfg = Debug|Any CPU
		{70275C91-1114-4673-8F9B-B0C311BFE337}.Debug|Any CPU.Build.0 = Debug|Any CPU
		{70275C91-1114-4673-8F9B-B0C311BFE337}.Release|Any CPU.ActiveCfg = Release|Any CPU
		{70275C91-1114-4673-8F9B-B0C311BFE337}.Release|Any CPU.Build.0 = Release|Any CPU
	EndGlobalSection
	GlobalSection(NestedProjects) = preSolution
		{D3B6C5ED-9291-4215-8F8A-F3530849B896} = {EFE65101-4414-4966-813D-90FE3736F6B1}
		{A61B8A4F-EB81-41BC-8131-B45C0BCE0EA4} = {1AD3F38F-67A8-472D-8AF3-875C6F93EC16}
		{7EFDE13A-1D42-44FE-A752-EBE6AC25E1DC} = {1AD3F38F-67A8-472D-8AF3-875C6F93EC16}
		{A154A209-B86F-4180-B329-9B51F5FCD99F} = {711B1BE4-9AE3-4A9D-A5F2-3434D057870E}
		{70275C91-1114-4673-8F9B-B0C311BFE337} = {EFE65101-4414-4966-813D-90FE3736F6B1}
	EndGlobalSection
EndGlobal
